
Microsoft Visual Studio Solution File, Format Version 12.00
# Visual Studio 15
VisualStudioVersion = 15.0.26228.9
MinimumVisualStudioVersion = 10.0.40219.1
Project("{FAE04EC0-301F-11D3-BF4B-00C04F79EFBC}") = "ReckonMe", "ReckonMe\ReckonMe\ReckonMe.csproj", "{41DB020F-0508-4F1D-9160-55116C76EC9E}"
EndProject
Project("{FAE04EC0-301F-11D3-BF4B-00C04F79EFBC}") = "ReckonMe.Android", "ReckonMe\ReckonMe.Android\ReckonMe.Android.csproj", "{0A062C9B-5F0A-4232-90F6-B9861529922E}"
EndProject
Project("{FAE04EC0-301F-11D3-BF4B-00C04F79EFBC}") = "ReckonMe.iOS", "ReckonMe\ReckonMe.iOS\ReckonMe.iOS.csproj", "{1BF6079A-53DE-453B-89B1-D36606DA7D4F}"
EndProject
Project("{FAE04EC0-301F-11D3-BF4B-00C04F79EFBC}") = "ReckonMe.UWP", "ReckonMe\ReckonMe.UWP\ReckonMe.UWP.csproj", "{2AA06A7F-6530-479A-BB10-1220CB06CA00}"
EndProject
Project("{FAE04EC0-301F-11D3-BF4B-00C04F79EFBC}") = "ReckonMe.Tests", "ReckonMe.Tests\ReckonMe.Tests.csproj", "{F42F9B28-ADB6-4DC5-BC14-D9BD052DF78F}"
EndProject
Global
	GlobalSection(SolutionConfigurationPlatforms) = preSolution
		Debug|Any CPU = Debug|Any CPU
		Debug|ARM = Debug|ARM
		Debug|iPhone = Debug|iPhone
		Debug|iPhoneSimulator = Debug|iPhoneSimulator
		Debug|x64 = Debug|x64
		Debug|x86 = Debug|x86
		Release|Any CPU = Release|Any CPU
		Release|ARM = Release|ARM
		Release|iPhone = Release|iPhone
		Release|iPhoneSimulator = Release|iPhoneSimulator
		Release|x64 = Release|x64
		Release|x86 = Release|x86
	EndGlobalSection
	GlobalSection(ProjectConfigurationPlatforms) = postSolution
		{41DB020F-0508-4F1D-9160-55116C76EC9E}.Debug|Any CPU.ActiveCfg = Debug|Any CPU
		{41DB020F-0508-4F1D-9160-55116C76EC9E}.Debug|Any CPU.Build.0 = Debug|Any CPU
		{41DB020F-0508-4F1D-9160-55116C76EC9E}.Debug|ARM.ActiveCfg = Debug|Any CPU
		{41DB020F-0508-4F1D-9160-55116C76EC9E}.Debug|ARM.Build.0 = Debug|Any CPU
		{41DB020F-0508-4F1D-9160-55116C76EC9E}.Debug|iPhone.ActiveCfg = Debug|Any CPU
		{41DB020F-0508-4F1D-9160-55116C76EC9E}.Debug|iPhone.Build.0 = Debug|Any CPU
		{41DB020F-0508-4F1D-9160-55116C76EC9E}.Debug|iPhoneSimulator.ActiveCfg = Debug|Any CPU
		{41DB020F-0508-4F1D-9160-55116C76EC9E}.Debug|iPhoneSimulator.Build.0 = Debug|Any CPU
		{41DB020F-0508-4F1D-9160-55116C76EC9E}.Debug|x64.ActiveCfg = Debug|Any CPU
		{41DB020F-0508-4F1D-9160-55116C76EC9E}.Debug|x64.Build.0 = Debug|Any CPU
		{41DB020F-0508-4F1D-9160-55116C76EC9E}.Debug|x86.ActiveCfg = Debug|Any CPU
		{41DB020F-0508-4F1D-9160-55116C76EC9E}.Debug|x86.Build.0 = Debug|Any CPU
		{41DB020F-0508-4F1D-9160-55116C76EC9E}.Release|Any CPU.ActiveCfg = Release|Any CPU
		{41DB020F-0508-4F1D-9160-55116C76EC9E}.Release|Any CPU.Build.0 = Release|Any CPU
		{41DB020F-0508-4F1D-9160-55116C76EC9E}.Release|ARM.ActiveCfg = Release|Any CPU
		{41DB020F-0508-4F1D-9160-55116C76EC9E}.Release|ARM.Build.0 = Release|Any CPU
		{41DB020F-0508-4F1D-9160-55116C76EC9E}.Release|iPhone.ActiveCfg = Release|Any CPU
		{41DB020F-0508-4F1D-9160-55116C76EC9E}.Release|iPhone.Build.0 = Release|Any CPU
		{41DB020F-0508-4F1D-9160-55116C76EC9E}.Release|iPhoneSimulator.ActiveCfg = Release|Any CPU
		{41DB020F-0508-4F1D-9160-55116C76EC9E}.Release|iPhoneSimulator.Build.0 = Release|Any CPU
		{41DB020F-0508-4F1D-9160-55116C76EC9E}.Release|x64.ActiveCfg = Release|Any CPU
		{41DB020F-0508-4F1D-9160-55116C76EC9E}.Release|x64.Build.0 = Release|Any CPU
		{41DB020F-0508-4F1D-9160-55116C76EC9E}.Release|x86.ActiveCfg = Release|Any CPU
		{41DB020F-0508-4F1D-9160-55116C76EC9E}.Release|x86.Build.0 = Release|Any CPU
		{0A062C9B-5F0A-4232-90F6-B9861529922E}.Debug|Any CPU.ActiveCfg = Debug|Any CPU
		{0A062C9B-5F0A-4232-90F6-B9861529922E}.Debug|Any CPU.Build.0 = Debug|Any CPU
		{0A062C9B-5F0A-4232-90F6-B9861529922E}.Debug|Any CPU.Deploy.0 = Debug|Any CPU
		{0A062C9B-5F0A-4232-90F6-B9861529922E}.Debug|ARM.ActiveCfg = Debug|Any CPU
		{0A062C9B-5F0A-4232-90F6-B9861529922E}.Debug|ARM.Build.0 = Debug|Any CPU
		{0A062C9B-5F0A-4232-90F6-B9861529922E}.Debug|ARM.Deploy.0 = Debug|Any CPU
		{0A062C9B-5F0A-4232-90F6-B9861529922E}.Debug|iPhone.ActiveCfg = Debug|Any CPU
		{0A062C9B-5F0A-4232-90F6-B9861529922E}.Debug|iPhone.Build.0 = Debug|Any CPU
		{0A062C9B-5F0A-4232-90F6-B9861529922E}.Debug|iPhone.Deploy.0 = Debug|Any CPU
		{0A062C9B-5F0A-4232-90F6-B9861529922E}.Debug|iPhoneSimulator.ActiveCfg = Debug|Any CPU
		{0A062C9B-5F0A-4232-90F6-B9861529922E}.Debug|iPhoneSimulator.Build.0 = Debug|Any CPU
		{0A062C9B-5F0A-4232-90F6-B9861529922E}.Debug|iPhoneSimulator.Deploy.0 = Debug|Any CPU
		{0A062C9B-5F0A-4232-90F6-B9861529922E}.Debug|x64.ActiveCfg = Debug|Any CPU
		{0A062C9B-5F0A-4232-90F6-B9861529922E}.Debug|x64.Build.0 = Debug|Any CPU
		{0A062C9B-5F0A-4232-90F6-B9861529922E}.Debug|x64.Deploy.0 = Debug|Any CPU
		{0A062C9B-5F0A-4232-90F6-B9861529922E}.Debug|x86.ActiveCfg = Debug|Any CPU
		{0A062C9B-5F0A-4232-90F6-B9861529922E}.Debug|x86.Build.0 = Debug|Any CPU
		{0A062C9B-5F0A-4232-90F6-B9861529922E}.Debug|x86.Deploy.0 = Debug|Any CPU
		{0A062C9B-5F0A-4232-90F6-B9861529922E}.Release|Any CPU.ActiveCfg = Release|Any CPU
		{0A062C9B-5F0A-4232-90F6-B9861529922E}.Release|Any CPU.Build.0 = Release|Any CPU
		{0A062C9B-5F0A-4232-90F6-B9861529922E}.Release|Any CPU.Deploy.0 = Release|Any CPU
		{0A062C9B-5F0A-4232-90F6-B9861529922E}.Release|ARM.ActiveCfg = Release|Any CPU
		{0A062C9B-5F0A-4232-90F6-B9861529922E}.Release|ARM.Build.0 = Release|Any CPU
		{0A062C9B-5F0A-4232-90F6-B9861529922E}.Release|ARM.Deploy.0 = Release|Any CPU
		{0A062C9B-5F0A-4232-90F6-B9861529922E}.Release|iPhone.ActiveCfg = Release|Any CPU
		{0A062C9B-5F0A-4232-90F6-B9861529922E}.Release|iPhone.Build.0 = Release|Any CPU
		{0A062C9B-5F0A-4232-90F6-B9861529922E}.Release|iPhone.Deploy.0 = Release|Any CPU
		{0A062C9B-5F0A-4232-90F6-B9861529922E}.Release|iPhoneSimulator.ActiveCfg = Release|Any CPU
		{0A062C9B-5F0A-4232-90F6-B9861529922E}.Release|iPhoneSimulator.Build.0 = Release|Any CPU
		{0A062C9B-5F0A-4232-90F6-B9861529922E}.Release|iPhoneSimulator.Deploy.0 = Release|Any CPU
		{0A062C9B-5F0A-4232-90F6-B9861529922E}.Release|x64.ActiveCfg = Release|Any CPU
		{0A062C9B-5F0A-4232-90F6-B9861529922E}.Release|x64.Build.0 = Release|Any CPU
		{0A062C9B-5F0A-4232-90F6-B9861529922E}.Release|x64.Deploy.0 = Release|Any CPU
		{0A062C9B-5F0A-4232-90F6-B9861529922E}.Release|x86.ActiveCfg = Release|Any CPU
		{0A062C9B-5F0A-4232-90F6-B9861529922E}.Release|x86.Build.0 = Release|Any CPU
		{0A062C9B-5F0A-4232-90F6-B9861529922E}.Release|x86.Deploy.0 = Release|Any CPU
		{1BF6079A-53DE-453B-89B1-D36606DA7D4F}.Debug|Any CPU.ActiveCfg = Debug|iPhone
		{1BF6079A-53DE-453B-89B1-D36606DA7D4F}.Debug|ARM.ActiveCfg = Debug|iPhone
		{1BF6079A-53DE-453B-89B1-D36606DA7D4F}.Debug|iPhone.ActiveCfg = Debug|iPhone
		{1BF6079A-53DE-453B-89B1-D36606DA7D4F}.Debug|iPhone.Build.0 = Debug|iPhone
		{1BF6079A-53DE-453B-89B1-D36606DA7D4F}.Debug|iPhoneSimulator.ActiveCfg = Debug|iPhoneSimulator
		{1BF6079A-53DE-453B-89B1-D36606DA7D4F}.Debug|iPhoneSimulator.Build.0 = Debug|iPhoneSimulator
		{1BF6079A-53DE-453B-89B1-D36606DA7D4F}.Debug|x64.ActiveCfg = Debug|iPhone
		{1BF6079A-53DE-453B-89B1-D36606DA7D4F}.Debug|x86.ActiveCfg = Debug|iPhone
		{1BF6079A-53DE-453B-89B1-D36606DA7D4F}.Release|Any CPU.ActiveCfg = Release|iPhone
		{1BF6079A-53DE-453B-89B1-D36606DA7D4F}.Release|ARM.ActiveCfg = Release|iPhone
		{1BF6079A-53DE-453B-89B1-D36606DA7D4F}.Release|iPhone.ActiveCfg = Release|iPhone
		{1BF6079A-53DE-453B-89B1-D36606DA7D4F}.Release|iPhone.Build.0 = Release|iPhone
		{1BF6079A-53DE-453B-89B1-D36606DA7D4F}.Release|iPhoneSimulator.ActiveCfg = Release|iPhoneSimulator
		{1BF6079A-53DE-453B-89B1-D36606DA7D4F}.Release|iPhoneSimulator.Build.0 = Release|iPhoneSimulator
		{1BF6079A-53DE-453B-89B1-D36606DA7D4F}.Release|x64.ActiveCfg = Release|iPhone
		{1BF6079A-53DE-453B-89B1-D36606DA7D4F}.Release|x86.ActiveCfg = Release|iPhone
		{2AA06A7F-6530-479A-BB10-1220CB06CA00}.Debug|Any CPU.ActiveCfg = Debug|x86
		{2AA06A7F-6530-479A-BB10-1220CB06CA00}.Debug|ARM.ActiveCfg = Debug|ARM
		{2AA06A7F-6530-479A-BB10-1220CB06CA00}.Debug|ARM.Build.0 = Debug|ARM
		{2AA06A7F-6530-479A-BB10-1220CB06CA00}.Debug|ARM.Deploy.0 = Debug|ARM
		{2AA06A7F-6530-479A-BB10-1220CB06CA00}.Debug|iPhone.ActiveCfg = Debug|x86
		{2AA06A7F-6530-479A-BB10-1220CB06CA00}.Debug|iPhoneSimulator.ActiveCfg = Debug|x86
		{2AA06A7F-6530-479A-BB10-1220CB06CA00}.Debug|x64.ActiveCfg = Debug|x64
		{2AA06A7F-6530-479A-BB10-1220CB06CA00}.Debug|x64.Build.0 = Debug|x64
		{2AA06A7F-6530-479A-BB10-1220CB06CA00}.Debug|x64.Deploy.0 = Debug|x64
		{2AA06A7F-6530-479A-BB10-1220CB06CA00}.Debug|x86.ActiveCfg = Debug|x86
		{2AA06A7F-6530-479A-BB10-1220CB06CA00}.Debug|x86.Build.0 = Debug|x86
		{2AA06A7F-6530-479A-BB10-1220CB06CA00}.Debug|x86.Deploy.0 = Debug|x86
		{2AA06A7F-6530-479A-BB10-1220CB06CA00}.Release|Any CPU.ActiveCfg = Release|x86
		{2AA06A7F-6530-479A-BB10-1220CB06CA00}.Release|ARM.ActiveCfg = Release|ARM
		{2AA06A7F-6530-479A-BB10-1220CB06CA00}.Release|ARM.Build.0 = Release|ARM
		{2AA06A7F-6530-479A-BB10-1220CB06CA00}.Release|ARM.Deploy.0 = Release|ARM
		{2AA06A7F-6530-479A-BB10-1220CB06CA00}.Release|iPhone.ActiveCfg = Release|x86
		{2AA06A7F-6530-479A-BB10-1220CB06CA00}.Release|iPhoneSimulator.ActiveCfg = Release|x86
		{2AA06A7F-6530-479A-BB10-1220CB06CA00}.Release|x64.ActiveCfg = Release|x64
		{2AA06A7F-6530-479A-BB10-1220CB06CA00}.Release|x64.Build.0 = Release|x64
		{2AA06A7F-6530-479A-BB10-1220CB06CA00}.Release|x64.Deploy.0 = Release|x64
		{2AA06A7F-6530-479A-BB10-1220CB06CA00}.Release|x86.ActiveCfg = Release|x86
		{2AA06A7F-6530-479A-BB10-1220CB06CA00}.Release|x86.Build.0 = Release|x86
		{2AA06A7F-6530-479A-BB10-1220CB06CA00}.Release|x86.Deploy.0 = Release|x86
		{F42F9B28-ADB6-4DC5-BC14-D9BD052DF78F}.Debug|Any CPU.ActiveCfg = Debug|Any CPU
		{F42F9B28-ADB6-4DC5-BC14-D9BD052DF78F}.Debug|Any CPU.Build.0 = Debug|Any CPU
		{F42F9B28-ADB6-4DC5-BC14-D9BD052DF78F}.Debug|ARM.ActiveCfg = Debug|Any CPU
		{F42F9B28-ADB6-4DC5-BC14-D9BD052DF78F}.Debug|ARM.Build.0 = Debug|Any CPU
		{F42F9B28-ADB6-4DC5-BC14-D9BD052DF78F}.Debug|iPhone.ActiveCfg = Debug|Any CPU
		{F42F9B28-ADB6-4DC5-BC14-D9BD052DF78F}.Debug|iPhone.Build.0 = Debug|Any CPU
		{F42F9B28-ADB6-4DC5-BC14-D9BD052DF78F}.Debug|iPhoneSimulator.ActiveCfg = Debug|Any CPU
		{F42F9B28-ADB6-4DC5-BC14-D9BD052DF78F}.Debug|iPhoneSimulator.Build.0 = Debug|Any CPU
		{F42F9B28-ADB6-4DC5-BC14-D9BD052DF78F}.Debug|x64.ActiveCfg = Debug|Any CPU
		{F42F9B28-ADB6-4DC5-BC14-D9BD052DF78F}.Debug|x64.Build.0 = Debug|Any CPU
		{F42F9B28-ADB6-4DC5-BC14-D9BD052DF78F}.Debug|x86.ActiveCfg = Debug|Any CPU
		{F42F9B28-ADB6-4DC5-BC14-D9BD052DF78F}.Debug|x86.Build.0 = Debug|Any CPU
		{F42F9B28-ADB6-4DC5-BC14-D9BD052DF78F}.Release|Any CPU.ActiveCfg = Release|Any CPU
		{F42F9B28-ADB6-4DC5-BC14-D9BD052DF78F}.Release|Any CPU.Build.0 = Release|Any CPU
		{F42F9B28-ADB6-4DC5-BC14-D9BD052DF78F}.Release|ARM.ActiveCfg = Release|Any CPU
		{F42F9B28-ADB6-4DC5-BC14-D9BD052DF78F}.Release|ARM.Build.0 = Release|Any CPU
		{F42F9B28-ADB6-4DC5-BC14-D9BD052DF78F}.Release|iPhone.ActiveCfg = Release|Any CPU
		{F42F9B28-ADB6-4DC5-BC14-D9BD052DF78F}.Release|iPhone.Build.0 = Release|Any CPU
		{F42F9B28-ADB6-4DC5-BC14-D9BD052DF78F}.Release|iPhoneSimulator.ActiveCfg = Release|Any CPU
		{F42F9B28-ADB6-4DC5-BC14-D9BD052DF78F}.Release|iPhoneSimulator.Build.0 = Release|Any CPU
		{F42F9B28-ADB6-4DC5-BC14-D9BD052DF78F}.Release|x64.ActiveCfg = Release|Any CPU
		{F42F9B28-ADB6-4DC5-BC14-D9BD052DF78F}.Release|x64.Build.0 = Release|Any CPU
		{F42F9B28-ADB6-4DC5-BC14-D9BD052DF78F}.Release|x86.ActiveCfg = Release|Any CPU
		{F42F9B28-ADB6-4DC5-BC14-D9BD052DF78F}.Release|x86.Build.0 = Release|Any CPU
	EndGlobalSection
	GlobalSection(SolutionProperties) = preSolution
		HideSolutionNode = FALSE
	EndGlobalSection
EndGlobal
